
Microsoft Visual Studio Solution File, Format Version 12.00
# Visual Studio Version 17
VisualStudioVersion = 17.9.34728.123
MinimumVisualStudioVersion = 10.0.40219.1
Project("{FAE04EC0-301F-11D3-BF4B-00C04F79EFBC}") = "Mile.Json.RefreshPackageVersion", "Mile.Json.RefreshPackageVersion\Mile.Json.RefreshPackageVersion.csproj", "{EB7C16E8-8215-4E90-8303-6E0ED9DFF68E}"
EndProject
Global
	GlobalSection(SolutionConfigurationPlatforms) = preSolution
		Debug|Any CPU = Debug|Any CPU
		Release|Any CPU = Release|Any CPU
	EndGlobalSection
	GlobalSection(ProjectConfigurationPlatforms) = postSolution
		{EB7C16E8-8215-4E90-8303-6E0ED9DFF68E}.Debug|Any CPU.ActiveCfg = Debug|Any CPU
		{EB7C16E8-8215-4E90-8303-6E0ED9DFF68E}.Debug|Any CPU.Build.0 = Debug|Any CPU
		{EB7C16E8-8215-4E90-8303-6E0ED9DFF68E}.Release|Any CPU.ActiveCfg = Release|Any CPU
		{EB7C16E8-8215-4E90-8303-6E0ED9DFF68E}.Release|Any CPU.Build.0 = Release|Any CPU
	EndGlobalSection
	GlobalSection(SolutionProperties) = preSolution
		HideSolutionNode = FALSE
	EndGlobalSection
	GlobalSection(ExtensibilityGlobals) = postSolution
		SolutionGuid = {95234CE5-EEFA-435F-848C-DF40830613AB}
	EndGlobalSection
EndGlobal
